
Microsoft Visual Studio Solution File, Format Version 12.00
# Visual Studio Version 17
VisualStudioVersion = 17.14.37216.2 d17.14
MinimumVisualStudioVersion = 10.0.40219.1
Project("{FAE04EC0-301F-11D3-BF4B-00C04F79EFBC}") = "FormApp", "FormApp\FormApp.csproj", "{449007DF-9255-4197-995A-4DA367FC4EF4}"
EndProject
Global
	GlobalSection(SolutionConfigurationPlatforms) = preSolution
		Debug|Any CPU = Debug|Any CPU
		Release|Any CPU = Release|Any CPU
	EndGlobalSection
	GlobalSection(ProjectConfigurationPlatforms) = postSolution
		{449007DF-9255-4197-995A-4DA367FC4EF4}.Debug|Any CPU.ActiveCfg = Debug|Any CPU
		{449007DF-9255-4197-995A-4DA367FC4EF4}.Debug|Any CPU.Build.0 = Debug|Any CPU
		{449007DF-9255-4197-995A-4DA367FC4EF4}.Release|Any CPU.ActiveCfg = Release|Any CPU
		{449007DF-9255-4197-995A-4DA367FC4EF4}.Release|Any CPU.Build.0 = Release|Any CPU
	EndGlobalSection
	GlobalSection(SolutionProperties) = preSolution
		HideSolutionNode = FALSE
	EndGlobalSection
	GlobalSection(ExtensibilityGlobals) = postSolution
		SolutionGuid = {A0D9D503-D572-4990-BF27-5C683C39CA97}
	EndGlobalSection
EndGlobal
