
Microsoft Visual Studio Solution File, Format Version 12.00
# Visual Studio Version 17
VisualStudioVersion = 17.14.37216.2 d17.14
MinimumVisualStudioVersion = 10.0.40219.1
Project("{FAE04EC0-301F-11D3-BF4B-00C04F79EFBC}") = "StudentResults", "StudentResults\StudentResults.csproj", "{F54AD5AB-2734-4A4E-967F-A4C26028270B}"
EndProject
Global
	GlobalSection(SolutionConfigurationPlatforms) = preSolution
		Debug|Any CPU = Debug|Any CPU
		Release|Any CPU = Release|Any CPU
	EndGlobalSection
	GlobalSection(ProjectConfigurationPlatforms) = postSolution
		{F54AD5AB-2734-4A4E-967F-A4C26028270B}.Debug|Any CPU.ActiveCfg = Debug|Any CPU
		{F54AD5AB-2734-4A4E-967F-A4C26028270B}.Debug|Any CPU.Build.0 = Debug|Any CPU
		{F54AD5AB-2734-4A4E-967F-A4C26028270B}.Release|Any CPU.ActiveCfg = Release|Any CPU
		{F54AD5AB-2734-4A4E-967F-A4C26028270B}.Release|Any CPU.Build.0 = Release|Any CPU
	EndGlobalSection
	GlobalSection(SolutionProperties) = preSolution
		HideSolutionNode = FALSE
	EndGlobalSection
	GlobalSection(ExtensibilityGlobals) = postSolution
		SolutionGuid = {847DE598-B6F2-47B0-8925-5A70147256A0}
	EndGlobalSection
EndGlobal
